
Microsoft Visual Studio Solution File, Format Version 12.00
# Visual Studio Version 16
VisualStudioVersion = 16.0.32510.428
MinimumVisualStudioVersion = 10.0.40219.1
Project("{FAE04EC0-301F-11D3-BF4B-00C04F79EFBC}") = "Newspaper_Advertisement", "Newspaper_Advertisement.csproj", "{A677134F-E6D1-49C1-ABF0-3EAA28BA1D4A}"
EndProject
Global
	GlobalSection(SolutionConfigurationPlatforms) = preSolution
		Debug|Any CPU = Debug|Any CPU
		Release|Any CPU = Release|Any CPU
	EndGlobalSection
	GlobalSection(ProjectConfigurationPlatforms) = postSolution
		{A677134F-E6D1-49C1-ABF0-3EAA28BA1D4A}.Debug|Any CPU.ActiveCfg = Debug|Any CPU
		{A677134F-E6D1-49C1-ABF0-3EAA28BA1D4A}.Debug|Any CPU.Build.0 = Debug|Any CPU
		{A677134F-E6D1-49C1-ABF0-3EAA28BA1D4A}.Release|Any CPU.ActiveCfg = Release|Any CPU
		{A677134F-E6D1-49C1-ABF0-3EAA28BA1D4A}.Release|Any CPU.Build.0 = Release|Any CPU
	EndGlobalSection
	GlobalSection(SolutionProperties) = preSolution
		HideSolutionNode = FALSE
	EndGlobalSection
	GlobalSection(ExtensibilityGlobals) = postSolution
		SolutionGuid = {EBBB88E7-96CE-4865-8B04-846DBCB2085E}
	EndGlobalSection
EndGlobal
